
Microsoft Visual Studio Solution File, Format Version 12.00
# Visual Studio Version 17
VisualStudioVersion = 17.9.34902.65
MinimumVisualStudioVersion = 10.0.40219.1
Project("{FAE04EC0-301F-11D3-BF4B-00C04F79EFBC}") = "multitrabajos-security", "multitrabajos-security\multitrabajos-security.csproj", "{067ADDBE-9421-4D5C-94A2-7F5F18E4661B}"
EndProject
Global
	GlobalSection(SolutionConfigurationPlatforms) = preSolution
		Debug|Any CPU = Debug|Any CPU
		Release|Any CPU = Release|Any CPU
	EndGlobalSection
	GlobalSection(ProjectConfigurationPlatforms) = postSolution
		{067ADDBE-9421-4D5C-94A2-7F5F18E4661B}.Debug|Any CPU.ActiveCfg = Debug|Any CPU
		{067ADDBE-9421-4D5C-94A2-7F5F18E4661B}.Debug|Any CPU.Build.0 = Debug|Any CPU
		{067ADDBE-9421-4D5C-94A2-7F5F18E4661B}.Release|Any CPU.ActiveCfg = Release|Any CPU
		{067ADDBE-9421-4D5C-94A2-7F5F18E4661B}.Release|Any CPU.Build.0 = Release|Any CPU
	EndGlobalSection
	GlobalSection(SolutionProperties) = preSolution
		HideSolutionNode = FALSE
	EndGlobalSection
	GlobalSection(ExtensibilityGlobals) = postSolution
		SolutionGuid = {B7D2BBBF-8527-4380-B6D3-E9AE3650B5E3}
	EndGlobalSection
EndGlobal
